
Microsoft Visual Studio Solution File, Format Version 12.00
# Visual Studio Version 16
VisualStudioVersion = 16.0.29306.81
MinimumVisualStudioVersion = 10.0.40219.1
Project("{FAE04EC0-301F-11D3-BF4B-00C04F79EFBC}") = "WhenWillIGetThere", "WhenWillIGetThere\WhenWillIGetThere.csproj", "{B3BCA65C-0B19-4DE6-B65F-3E07AF4DCD8A}"
EndProject
Project("{00D1A9C2-B5F0-4AF3-8072-F6C62B433612}") = "WWIGT-Database", "WWIGT-Database\WWIGT-Database.sqlproj", "{79B9679F-8B12-4478-BAE4-DF697377F634}"
EndProject
Global
	GlobalSection(SolutionConfigurationPlatforms) = preSolution
		Debug|Any CPU = Debug|Any CPU
		Release|Any CPU = Release|Any CPU
	EndGlobalSection
	GlobalSection(ProjectConfigurationPlatforms) = postSolution
		{B3BCA65C-0B19-4DE6-B65F-3E07AF4DCD8A}.Debug|Any CPU.ActiveCfg = Debug|Any CPU
		{B3BCA65C-0B19-4DE6-B65F-3E07AF4DCD8A}.Debug|Any CPU.Build.0 = Debug|Any CPU
		{B3BCA65C-0B19-4DE6-B65F-3E07AF4DCD8A}.Release|Any CPU.ActiveCfg = Release|Any CPU
		{B3BCA65C-0B19-4DE6-B65F-3E07AF4DCD8A}.Release|Any CPU.Build.0 = Release|Any CPU
		{79B9679F-8B12-4478-BAE4-DF697377F634}.Debug|Any CPU.ActiveCfg = Debug|Any CPU
		{79B9679F-8B12-4478-BAE4-DF697377F634}.Debug|Any CPU.Build.0 = Debug|Any CPU
		{79B9679F-8B12-4478-BAE4-DF697377F634}.Debug|Any CPU.Deploy.0 = Debug|Any CPU
		{79B9679F-8B12-4478-BAE4-DF697377F634}.Release|Any CPU.ActiveCfg = Release|Any CPU
		{79B9679F-8B12-4478-BAE4-DF697377F634}.Release|Any CPU.Build.0 = Release|Any CPU
		{79B9679F-8B12-4478-BAE4-DF697377F634}.Release|Any CPU.Deploy.0 = Release|Any CPU
	EndGlobalSection
	GlobalSection(SolutionProperties) = preSolution
		HideSolutionNode = FALSE
	EndGlobalSection
	GlobalSection(ExtensibilityGlobals) = postSolution
		SolutionGuid = {0B793C04-2BA4-4BC7-80C6-9661AA368FBF}
	EndGlobalSection
EndGlobal
